<?xml version="1.0" encoding="utf-8"?>
<Project ToolsVersion="4.0" xmlns="http://schemas.microsoft.com/developer/msbuild/2003">
  <ItemGroup>
    <Filter Include="源文件">
      <UniqueIdentifier>{4FC737F1-C7A5-4376-A066-2A32D752A2FF}</UniqueIdentifier>
      <Extensions>cpp;c;cc;cxx;c++;def;odl;idl;hpj;bat;asm;asmx</Extensions>
    </Filter>
    <Filter Include="头文件">
      <UniqueIdentifier>{93995380-89BD-4b04-88EB-625FBE52EBFB}</UniqueIdentifier>
      <Extensions>h;hh;hpp;hxx;h++;hm;inl;inc;ipp;xsd</Extensions>
    </Filter>
    <Filter Include="资源文件">
      <UniqueIdentifier>{67DA6AB6-F800-4c08-8B7A-83BB121AAD01}</UniqueIdentifier>
      <Extensions>rc;ico;cur;bmp;dlg;rc2;rct;bin;rgs;gif;jpg;jpeg;jpe;resx;tiff;tif;png;wav;mfcribbon-ms</Extensions>
    </Filter>
    <Filter Include="源文件\asio_example">
      <UniqueIdentifier>{26e37a2e-e464-4518-85d4-e77bc1ea224c}</UniqueIdentifier>
    </Filter>
    <Filter Include="源文件\asio_example\excutor">
      <UniqueIdentifier>{9c761cdd-b52f-414b-9073-c54bbe2ad427}</UniqueIdentifier>
    </Filter>
    <Filter Include="源文件\asio_example\timer">
      <UniqueIdentifier>{8846f835-a7b6-4a70-abea-4ac6f74d8a6e}</UniqueIdentifier>
    </Filter>
    <Filter Include="源文件\asio_example\timeout">
      <UniqueIdentifier>{fb8b3d00-8f27-4a31-9ae1-5396a94f66f1}</UniqueIdentifier>
    </Filter>
    <Filter Include="源文件\asio_example\operations">
      <UniqueIdentifier>{5b1f5612-d3d0-4a11-8e08-4a198ee38109}</UniqueIdentifier>
    </Filter>
  </ItemGroup>
  <ItemGroup>
    <ClCompile Include="main.cpp">
      <Filter>源文件</Filter>
    </ClCompile>
    <ClCompile Include="test_thread_pool.cpp">
      <Filter>源文件</Filter>
    </ClCompile>
    <ClCompile Include="echo_server_multiple.cpp">
      <Filter>源文件</Filter>
    </ClCompile>
    <ClCompile Include="echo_server_one_to_one.cpp">
      <Filter>源文件</Filter>
    </ClCompile>
    <ClCompile Include="F:\github_code\asio-1.16.1\src\examples\cpp11\executors\actor.cpp">
      <Filter>源文件\asio_example\excutor</Filter>
    </ClCompile>
    <ClCompile Include="F:\github_code\asio-1.16.1\src\examples\cpp11\executors\bank_account_1.cpp">
      <Filter>源文件\asio_example\excutor</Filter>
    </ClCompile>
    <ClCompile Include="F:\github_code\asio-1.16.1\src\examples\cpp11\executors\bank_account_2.cpp">
      <Filter>源文件\asio_example\excutor</Filter>
    </ClCompile>
    <ClCompile Include="F:\github_code\asio-1.16.1\src\examples\cpp11\executors\fork_join.cpp">
      <Filter>源文件\asio_example\excutor</Filter>
    </ClCompile>
    <ClCompile Include="F:\github_code\asio-1.16.1\src\examples\cpp11\executors\pipeline.cpp">
      <Filter>源文件\asio_example\excutor</Filter>
    </ClCompile>
    <ClCompile Include="F:\github_code\asio-1.16.1\src\examples\cpp11\executors\priority_scheduler.cpp">
      <Filter>源文件\asio_example\excutor</Filter>
    </ClCompile>
    <ClCompile Include="F:\github_code\asio-1.16.1\src\examples\cpp11\timers\time_t_timer.cpp">
      <Filter>源文件\asio_example\timer</Filter>
    </ClCompile>
    <ClCompile Include="F:\github_code\asio-1.16.1\src\examples\cpp11\timeouts\async_tcp_client.cpp">
      <Filter>源文件\asio_example\timeout</Filter>
    </ClCompile>
    <ClCompile Include="F:\github_code\asio-1.16.1\src\examples\cpp11\timeouts\blocking_tcp_client.cpp">
      <Filter>源文件\asio_example\timeout</Filter>
    </ClCompile>
    <ClCompile Include="F:\github_code\asio-1.16.1\src\examples\cpp11\timeouts\blocking_token_tcp_client.cpp">
      <Filter>源文件\asio_example\timeout</Filter>
    </ClCompile>
    <ClCompile Include="F:\github_code\asio-1.16.1\src\examples\cpp11\timeouts\blocking_udp_client.cpp">
      <Filter>源文件\asio_example\timeout</Filter>
    </ClCompile>
    <ClCompile Include="F:\github_code\asio-1.16.1\src\examples\cpp11\timeouts\server.cpp">
      <Filter>源文件\asio_example\timeout</Filter>
    </ClCompile>
    <ClCompile Include="F:\github_code\asio-1.16.1\src\examples\cpp14\operations\composed_1.cpp">
      <Filter>源文件\asio_example\operations</Filter>
    </ClCompile>
    <ClCompile Include="F:\github_code\asio-1.16.1\src\examples\cpp14\executors\async_1.cpp">
      <Filter>源文件\asio_example\excutor</Filter>
    </ClCompile>
    <ClCompile Include="F:\github_code\asio-1.16.1\src\examples\cpp14\executors\async_2.cpp">
      <Filter>源文件\asio_example\excutor</Filter>
    </ClCompile>
    <ClCompile Include="async.cpp">
      <Filter>源文件</Filter>
    </ClCompile>
    <ClCompile Include="pipline.cpp">
      <Filter>源文件</Filter>
    </ClCompile>
    <ClCompile Include="thread_pool.cpp">
      <Filter>源文件</Filter>
    </ClCompile>
    <ClCompile Include="test_balance_server.cpp">
      <Filter>源文件</Filter>
    </ClCompile>
  </ItemGroup>
  <ItemGroup>
    <ClInclude Include="test_misc.h">
      <Filter>头文件</Filter>
    </ClInclude>
    <ClInclude Include="stat_balance.h">
      <Filter>头文件</Filter>
    </ClInclude>
    <ClInclude Include="thread_pool.h">
      <Filter>头文件</Filter>
    </ClInclude>
    <ClInclude Include="sbuffer.h">
      <Filter>头文件</Filter>
    </ClInclude>
  </ItemGroup>
</Project>